// !$*UTF8*$!
{
	archiveVersion = 1;
	classes = {
	};
	objectVersion = 42;
	objects = {

/* Begin PBXBuildFile section */
		7A00CBD2189BDF1800023B8C /* openFrameworksDebug.a in Frameworks */ = {isa = PBXBuildFile; fileRef = 7A00CBD0189BDEF800023B8C /* openFrameworksDebug.a */; };
		7A00CCF1189BE85600023B8C /* ofxDisplay.cpp in Sources */ = {isa = PBXBuildFile; fileRef = 7A00CBF6189BDF8B00023B8C /* ofxDisplay.cpp */; };
		7A00CCF4189BE85600023B8C /* ofxDisplayManager.cpp in Sources */ = {isa = PBXBuildFile; fileRef = 7A00CBF9189BDF8B00023B8C /* ofxDisplayManager.cpp */; };
		7A00CCF6189BE85600023B8C /* ofxDisplayManagerMac.mm in Sources */ = {isa = PBXBuildFile; fileRef = 7A00CBFB189BDF8B00023B8C /* ofxDisplayManagerMac.mm */; };
		7A00CCF7189BE85600023B8C /* ofxFenster.cpp in Sources */ = {isa = PBXBuildFile; fileRef = 7A00CBFC189BDF8B00023B8C /* ofxFenster.cpp */; };
		7A00CCF9189BE85600023B8C /* ofxFensterCanvas.cpp in Sources */ = {isa = PBXBuildFile; fileRef = 7A00CBFE189BDF8B00023B8C /* ofxFensterCanvas.cpp */; };
		7A00CCFB189BE85600023B8C /* ofxFensterManager.cpp in Sources */ = {isa = PBXBuildFile; fileRef = 7A00CC00189BDF8B00023B8C /* ofxFensterManager.cpp */; };
		7A00CCFF189BE85600023B8C /* ofxTCPClient.cpp in Sources */ = {isa = PBXBuildFile; fileRef = 7A00CC08189BDF8B00023B8C /* ofxTCPClient.cpp */; };
		7A00CD01189BE85600023B8C /* ofxTCPManager.cpp in Sources */ = {isa = PBXBuildFile; fileRef = 7A00CC0A189BDF8B00023B8C /* ofxTCPManager.cpp */; };
		7A00CD03189BE85600023B8C /* ofxTCPServer.cpp in Sources */ = {isa = PBXBuildFile; fileRef = 7A00CC0C189BDF8B00023B8C /* ofxTCPServer.cpp */; };
		7A00CD05189BE85600023B8C /* ofxUDPManager.cpp in Sources */ = {isa = PBXBuildFile; fileRef = 7A00CC0E189BDF8B00023B8C /* ofxUDPManager.cpp */; };
		7A00CD07189BE85600023B8C /* IpEndpointName.cpp in Sources */ = {isa = PBXBuildFile; fileRef = 7A00CC15189BDF8B00023B8C /* IpEndpointName.cpp */; };
		7A00CD0B189BE85600023B8C /* NetworkingUtils.cpp in Sources */ = {isa = PBXBuildFile; fileRef = 7A00CC1A189BDF8B00023B8C /* NetworkingUtils.cpp */; };
		7A00CD0C189BE85600023B8C /* UdpSocket.cpp in Sources */ = {isa = PBXBuildFile; fileRef = 7A00CC1B189BDF8B00023B8C /* UdpSocket.cpp */; };
		7A00CD0F189BE85600023B8C /* NetworkingUtilsWin.cpp in Sources */ = {isa = PBXBuildFile; fileRef = 7A00CC1F189BDF8B00023B8C /* NetworkingUtilsWin.cpp */; };
		7A00CD10189BE85600023B8C /* UdpSocketWin.cpp in Sources */ = {isa = PBXBuildFile; fileRef = 7A00CC20189BDF8B00023B8C /* UdpSocketWin.cpp */; };
		7A00CD14189BE85600023B8C /* OscOutboundPacketStream.cpp in Sources */ = {isa = PBXBuildFile; fileRef = 7A00CC25189BDF8B00023B8C /* OscOutboundPacketStream.cpp */; };
		7A00CD17189BE85600023B8C /* OscPrintReceivedElements.cpp in Sources */ = {isa = PBXBuildFile; fileRef = 7A00CC28189BDF8B00023B8C /* OscPrintReceivedElements.cpp */; };
		7A00CD19189BE85600023B8C /* OscReceivedElements.cpp in Sources */ = {isa = PBXBuildFile; fileRef = 7A00CC2A189BDF8B00023B8C /* OscReceivedElements.cpp */; };
		7A00CD1B189BE85600023B8C /* OscTypes.cpp in Sources */ = {isa = PBXBuildFile; fileRef = 7A00CC2C189BDF8B00023B8C /* OscTypes.cpp */; };
		7A00CD1F189BE85600023B8C /* ofxOscBundle.cpp in Sources */ = {isa = PBXBuildFile; fileRef = 7A00CC31189BDF8B00023B8C /* ofxOscBundle.cpp */; };
		7A00CD21189BE85600023B8C /* ofxOscMessage.cpp in Sources */ = {isa = PBXBuildFile; fileRef = 7A00CC33189BDF8B00023B8C /* ofxOscMessage.cpp */; };
		7A00CD23189BE85600023B8C /* ofxOscParameterSync.cpp in Sources */ = {isa = PBXBuildFile; fileRef = 7A00CC35189BDF8B00023B8C /* ofxOscParameterSync.cpp */; };
		7A00CD25189BE85600023B8C /* ofxOscReceiver.cpp in Sources */ = {isa = PBXBuildFile; fileRef = 7A00CC37189BDF8B00023B8C /* ofxOscReceiver.cpp */; };
		7A00CD27189BE85600023B8C /* ofxOscSender.cpp in Sources */ = {isa = PBXBuildFile; fileRef = 7A00CC39189BDF8B00023B8C /* ofxOscSender.cpp */; };
		7A00CD2A189BE85600023B8C /* ofxRemoteUI.cpp in Sources */ = {isa = PBXBuildFile; fileRef = 7A00CCD3189BDF8C00023B8C /* ofxRemoteUI.cpp */; };
		7A00CD2C189BE85600023B8C /* ofxRemoteUIClient.cpp in Sources */ = {isa = PBXBuildFile; fileRef = 7A00CCD5189BDF8C00023B8C /* ofxRemoteUIClient.cpp */; };
		7A00CD2E189BE85600023B8C /* ofxRemoteUINeigbors.cpp in Sources */ = {isa = PBXBuildFile; fileRef = 7A00CCD7189BDF8C00023B8C /* ofxRemoteUINeigbors.cpp */; };
		7A00CD30189BE85600023B8C /* ofxRemoteUIServer.cpp in Sources */ = {isa = PBXBuildFile; fileRef = 7A00CCD9189BDF8C00023B8C /* ofxRemoteUIServer.cpp */; };
		7A00CD35189BE85600023B8C /* tinyxml.cpp in Sources */ = {isa = PBXBuildFile; fileRef = 7A00CCE0189BDF8C00023B8C /* tinyxml.cpp */; };
		7A00CD37189BE85600023B8C /* tinyxmlerror.cpp in Sources */ = {isa = PBXBuildFile; fileRef = 7A00CCE2189BDF8C00023B8C /* tinyxmlerror.cpp */; };
		7A00CD38189BE85600023B8C /* tinyxmlparser.cpp in Sources */ = {isa = PBXBuildFile; fileRef = 7A00CCE3189BDF8C00023B8C /* tinyxmlparser.cpp */; };
		7A00CD39189BE85600023B8C /* ofxXmlSettings.cpp in Sources */ = {isa = PBXBuildFile; fileRef = 7A00CCE5189BDF8C00023B8C /* ofxXmlSettings.cpp */; };
		7A9E6C33189FA06A00D81A1D /* Foundation.framework in Frameworks */ = {isa = PBXBuildFile; fileRef = 7A9E6C32189FA06A00D81A1D /* Foundation.framework */; };
		7A9E6C38189FA68300D81A1D /* GLUT.framework in CopyFiles */ = {isa = PBXBuildFile; fileRef = 7A9E6C37189FA68300D81A1D /* GLUT.framework */; };
		7A9E6C3A189FA69900D81A1D /* GLUT.framework in Frameworks */ = {isa = PBXBuildFile; fileRef = 7A9E6C37189FA68300D81A1D /* GLUT.framework */; };
		7A9E6F22189FF4B900D81A1D /* ofxBlur.cpp in Sources */ = {isa = PBXBuildFile; fileRef = 7A9E6F1D189FF3A200D81A1D /* ofxBlur.cpp */; };
		7F085EF71700A6D000AE2A8F /* LightDot.cpp in Sources */ = {isa = PBXBuildFile; fileRef = 7F085EF51700A6D000AE2A8F /* LightDot.cpp */; };
		7F52F80D170DC4A400413A54 /* macGlutfix.m in Sources */ = {isa = PBXBuildFile; fileRef = 7F52F80C170DC4A400413A54 /* macGlutfix.m */; };
		E45BE97B0E8CC7DD009D7055 /* AGL.framework in Frameworks */ = {isa = PBXBuildFile; fileRef = E45BE9710E8CC7DD009D7055 /* AGL.framework */; };
		E45BE97C0E8CC7DD009D7055 /* ApplicationServices.framework in Frameworks */ = {isa = PBXBuildFile; fileRef = E45BE9720E8CC7DD009D7055 /* ApplicationServices.framework */; };
		E45BE97D0E8CC7DD009D7055 /* AudioToolbox.framework in Frameworks */ = {isa = PBXBuildFile; fileRef = E45BE9730E8CC7DD009D7055 /* AudioToolbox.framework */; };
		E45BE97E0E8CC7DD009D7055 /* Carbon.framework in Frameworks */ = {isa = PBXBuildFile; fileRef = E45BE9740E8CC7DD009D7055 /* Carbon.framework */; };
		E45BE97F0E8CC7DD009D7055 /* CoreAudio.framework in Frameworks */ = {isa = PBXBuildFile; fileRef = E45BE9750E8CC7DD009D7055 /* CoreAudio.framework */; };
		E45BE9800E8CC7DD009D7055 /* CoreFoundation.framework in Frameworks */ = {isa = PBXBuildFile; fileRef = E45BE9760E8CC7DD009D7055 /* CoreFoundation.framework */; };
		E45BE9810E8CC7DD009D7055 /* CoreServices.framework in Frameworks */ = {isa = PBXBuildFile; fileRef = E45BE9770E8CC7DD009D7055 /* CoreServices.framework */; };
		E45BE9830E8CC7DD009D7055 /* OpenGL.framework in Frameworks */ = {isa = PBXBuildFile; fileRef = E45BE9790E8CC7DD009D7055 /* OpenGL.framework */; };
		E45BE9840E8CC7DD009D7055 /* QuickTime.framework in Frameworks */ = {isa = PBXBuildFile; fileRef = E45BE97A0E8CC7DD009D7055 /* QuickTime.framework */; };
		E4B69E200A3A1BDC003C02F2 /* main.cpp in Sources */ = {isa = PBXBuildFile; fileRef = E4B69E1D0A3A1BDC003C02F2 /* main.cpp */; };
		E4B69E210A3A1BDC003C02F2 /* testApp.mm in Sources */ = {isa = PBXBuildFile; fileRef = E4B69E1E0A3A1BDC003C02F2 /* testApp.mm */; };
		E4C2424710CC5A17004149E2 /* AppKit.framework in Frameworks */ = {isa = PBXBuildFile; fileRef = E4C2424410CC5A17004149E2 /* AppKit.framework */; };
		E4C2424810CC5A17004149E2 /* Cocoa.framework in Frameworks */ = {isa = PBXBuildFile; fileRef = E4C2424510CC5A17004149E2 /* Cocoa.framework */; };
		E4C2424910CC5A17004149E2 /* IOKit.framework in Frameworks */ = {isa = PBXBuildFile; fileRef = E4C2424610CC5A17004149E2 /* IOKit.framework */; };
		E7E077E515D3B63C0020DFD4 /* CoreVideo.framework in Frameworks */ = {isa = PBXBuildFile; fileRef = E7E077E415D3B63C0020DFD4 /* CoreVideo.framework */; };
		E7E077E815D3B6510020DFD4 /* QTKit.framework in Frameworks */ = {isa = PBXBuildFile; fileRef = E7E077E715D3B6510020DFD4 /* QTKit.framework */; };
		E7F985F815E0DEA3003869B5 /* Accelerate.framework in Frameworks */ = {isa = PBXBuildFile; fileRef = E7F985F515E0DE99003869B5 /* Accelerate.framework */; };
/* End PBXBuildFile section */

/* Begin PBXContainerItemProxy section */
		7A00CBCF189BDEF800023B8C /* PBXContainerItemProxy */ = {
			isa = PBXContainerItemProxy;
			containerPortal = 7A00CBCB189BDEF800023B8C /* openFrameworksLib.xcodeproj */;
			proxyType = 2;
			remoteGlobalIDString = E4B27C1510CBEB8E00536013;
			remoteInfo = openFrameworks;
		};
/* End PBXContainerItemProxy section */

/* Begin PBXCopyFilesBuildPhase section */
		E4C2427710CC5ABF004149E2 /* CopyFiles */ = {
			isa = PBXCopyFilesBuildPhase;
			buildActionMask = 2147483647;
			dstPath = "";
			dstSubfolderSpec = 10;
			files = (
				7A9E6C38189FA68300D81A1D /* GLUT.framework in CopyFiles */,
			);
			runOnlyForDeploymentPostprocessing = 0;
		};
/* End PBXCopyFilesBuildPhase section */

/* Begin PBXFileReference section */
		7A00CBCB189BDEF800023B8C /* openFrameworksLib.xcodeproj */ = {isa = PBXFileReference; lastKnownFileType = "wrapper.pb-project"; name = openFrameworksLib.xcodeproj; path = ../of_v0.8.0_osx_release/libs/openFrameworksCompiled/project/osx/openFrameworksLib.xcodeproj; sourceTree = "<group>"; };
		7A00CBD1189BDF0400023B8C /* CoreOF.xcconfig */ = {isa = PBXFileReference; lastKnownFileType = text.xcconfig; name = CoreOF.xcconfig; path = ../of_v0.8.0_osx_release/libs/openFrameworksCompiled/project/osx/CoreOF.xcconfig; sourceTree = "<group>"; };
		7A00CBD6189BDF8B00023B8C /* .gitignore */ = {isa = PBXFileReference; lastKnownFileType = text; path = .gitignore; sourceTree = "<group>"; };
		7A00CBF4189BDF8B00023B8C /* README.md */ = {isa = PBXFileReference; lastKnownFileType = text; path = README.md; sourceTree = "<group>"; };
		7A00CBF6189BDF8B00023B8C /* ofxDisplay.cpp */ = {isa = PBXFileReference; lastKnownFileType = sourcecode.cpp.cpp; path = ofxDisplay.cpp; sourceTree = "<group>"; };
		7A00CBF7189BDF8B00023B8C /* ofxDisplay.h */ = {isa = PBXFileReference; lastKnownFileType = sourcecode.c.h; path = ofxDisplay.h; sourceTree = "<group>"; };
		7A00CBF8189BDF8B00023B8C /* ofxDisplayMac.h */ = {isa = PBXFileReference; lastKnownFileType = sourcecode.c.h; path = ofxDisplayMac.h; sourceTree = "<group>"; };
		7A00CBF9189BDF8B00023B8C /* ofxDisplayManager.cpp */ = {isa = PBXFileReference; lastKnownFileType = sourcecode.cpp.cpp; path = ofxDisplayManager.cpp; sourceTree = "<group>"; };
		7A00CBFA189BDF8B00023B8C /* ofxDisplayManager.h */ = {isa = PBXFileReference; lastKnownFileType = sourcecode.c.h; path = ofxDisplayManager.h; sourceTree = "<group>"; };
		7A00CBFB189BDF8B00023B8C /* ofxDisplayManagerMac.mm */ = {isa = PBXFileReference; lastKnownFileType = sourcecode.cpp.objcpp; path = ofxDisplayManagerMac.mm; sourceTree = "<group>"; };
		7A00CBFC189BDF8B00023B8C /* ofxFenster.cpp */ = {isa = PBXFileReference; explicitFileType = sourcecode.cpp.objcpp; path = ofxFenster.cpp; sourceTree = "<group>"; };
		7A00CBFD189BDF8B00023B8C /* ofxFenster.h */ = {isa = PBXFileReference; lastKnownFileType = sourcecode.c.h; path = ofxFenster.h; sourceTree = "<group>"; };
		7A00CBFE189BDF8B00023B8C /* ofxFensterCanvas.cpp */ = {isa = PBXFileReference; lastKnownFileType = sourcecode.cpp.cpp; path = ofxFensterCanvas.cpp; sourceTree = "<group>"; };
		7A00CBFF189BDF8B00023B8C /* ofxFensterCanvas.h */ = {isa = PBXFileReference; lastKnownFileType = sourcecode.c.h; path = ofxFensterCanvas.h; sourceTree = "<group>"; };
		7A00CC00189BDF8B00023B8C /* ofxFensterManager.cpp */ = {isa = PBXFileReference; explicitFileType = sourcecode.cpp.objcpp; path = ofxFensterManager.cpp; sourceTree = "<group>"; };
		7A00CC01189BDF8B00023B8C /* ofxFensterManager.h */ = {isa = PBXFileReference; lastKnownFileType = sourcecode.c.h; path = ofxFensterManager.h; sourceTree = "<group>"; };
		7A00CC06189BDF8B00023B8C /* ofxNetwork.h */ = {isa = PBXFileReference; lastKnownFileType = sourcecode.c.h; path = ofxNetwork.h; sourceTree = "<group>"; };
		7A00CC07189BDF8B00023B8C /* ofxNetworkUtils.h */ = {isa = PBXFileReference; lastKnownFileType = sourcecode.c.h; path = ofxNetworkUtils.h; sourceTree = "<group>"; };
		7A00CC08189BDF8B00023B8C /* ofxTCPClient.cpp */ = {isa = PBXFileReference; lastKnownFileType = sourcecode.cpp.cpp; path = ofxTCPClient.cpp; sourceTree = "<group>"; };
		7A00CC09189BDF8B00023B8C /* ofxTCPClient.h */ = {isa = PBXFileReference; lastKnownFileType = sourcecode.c.h; path = ofxTCPClient.h; sourceTree = "<group>"; };
		7A00CC0A189BDF8B00023B8C /* ofxTCPManager.cpp */ = {isa = PBXFileReference; lastKnownFileType = sourcecode.cpp.cpp; path = ofxTCPManager.cpp; sourceTree = "<group>"; };
		7A00CC0B189BDF8B00023B8C /* ofxTCPManager.h */ = {isa = PBXFileReference; lastKnownFileType = sourcecode.c.h; path = ofxTCPManager.h; sourceTree = "<group>"; };
		7A00CC0C189BDF8B00023B8C /* ofxTCPServer.cpp */ = {isa = PBXFileReference; lastKnownFileType = sourcecode.cpp.cpp; path = ofxTCPServer.cpp; sourceTree = "<group>"; };
		7A00CC0D189BDF8B00023B8C /* ofxTCPServer.h */ = {isa = PBXFileReference; lastKnownFileType = sourcecode.c.h; path = ofxTCPServer.h; sourceTree = "<group>"; };
		7A00CC0E189BDF8B00023B8C /* ofxUDPManager.cpp */ = {isa = PBXFileReference; lastKnownFileType = sourcecode.cpp.cpp; path = ofxUDPManager.cpp; sourceTree = "<group>"; };
		7A00CC0F189BDF8B00023B8C /* ofxUDPManager.h */ = {isa = PBXFileReference; lastKnownFileType = sourcecode.c.h; path = ofxUDPManager.h; sourceTree = "<group>"; };
		7A00CC15189BDF8B00023B8C /* IpEndpointName.cpp */ = {isa = PBXFileReference; lastKnownFileType = sourcecode.cpp.cpp; path = IpEndpointName.cpp; sourceTree = "<group>"; };
		7A00CC16189BDF8B00023B8C /* IpEndpointName.h */ = {isa = PBXFileReference; lastKnownFileType = sourcecode.c.h; path = IpEndpointName.h; sourceTree = "<group>"; };
		7A00CC17189BDF8B00023B8C /* NetworkingUtils.h */ = {isa = PBXFileReference; lastKnownFileType = sourcecode.c.h; path = NetworkingUtils.h; sourceTree = "<group>"; };
		7A00CC18189BDF8B00023B8C /* PacketListener.h */ = {isa = PBXFileReference; lastKnownFileType = sourcecode.c.h; path = PacketListener.h; sourceTree = "<group>"; };
		7A00CC1A189BDF8B00023B8C /* NetworkingUtils.cpp */ = {isa = PBXFileReference; lastKnownFileType = sourcecode.cpp.cpp; path = NetworkingUtils.cpp; sourceTree = "<group>"; };
		7A00CC1B189BDF8B00023B8C /* UdpSocket.cpp */ = {isa = PBXFileReference; lastKnownFileType = sourcecode.cpp.cpp; path = UdpSocket.cpp; sourceTree = "<group>"; };
		7A00CC1C189BDF8B00023B8C /* TimerListener.h */ = {isa = PBXFileReference; lastKnownFileType = sourcecode.c.h; path = TimerListener.h; sourceTree = "<group>"; };
		7A00CC1D189BDF8B00023B8C /* UdpSocket.h */ = {isa = PBXFileReference; lastKnownFileType = sourcecode.c.h; path = UdpSocket.h; sourceTree = "<group>"; };
		7A00CC1F189BDF8B00023B8C /* NetworkingUtilsWin.cpp */ = {isa = PBXFileReference; lastKnownFileType = sourcecode.cpp.cpp; path = NetworkingUtilsWin.cpp; sourceTree = "<group>"; };
		7A00CC20189BDF8B00023B8C /* UdpSocketWin.cpp */ = {isa = PBXFileReference; lastKnownFileType = sourcecode.cpp.cpp; path = UdpSocketWin.cpp; sourceTree = "<group>"; };
		7A00CC22189BDF8B00023B8C /* MessageMappingOscPacketListener.h */ = {isa = PBXFileReference; lastKnownFileType = sourcecode.c.h; path = MessageMappingOscPacketListener.h; sourceTree = "<group>"; };
		7A00CC23189BDF8B00023B8C /* OscException.h */ = {isa = PBXFileReference; lastKnownFileType = sourcecode.c.h; path = OscException.h; sourceTree = "<group>"; };
		7A00CC24189BDF8B00023B8C /* OscHostEndianness.h */ = {isa = PBXFileReference; lastKnownFileType = sourcecode.c.h; path = OscHostEndianness.h; sourceTree = "<group>"; };
		7A00CC25189BDF8B00023B8C /* OscOutboundPacketStream.cpp */ = {isa = PBXFileReference; lastKnownFileType = sourcecode.cpp.cpp; path = OscOutboundPacketStream.cpp; sourceTree = "<group>"; };
		7A00CC26189BDF8B00023B8C /* OscOutboundPacketStream.h */ = {isa = PBXFileReference; lastKnownFileType = sourcecode.c.h; path = OscOutboundPacketStream.h; sourceTree = "<group>"; };
		7A00CC27189BDF8B00023B8C /* OscPacketListener.h */ = {isa = PBXFileReference; lastKnownFileType = sourcecode.c.h; path = OscPacketListener.h; sourceTree = "<group>"; };
		7A00CC28189BDF8B00023B8C /* OscPrintReceivedElements.cpp */ = {isa = PBXFileReference; lastKnownFileType = sourcecode.cpp.cpp; path = OscPrintReceivedElements.cpp; sourceTree = "<group>"; };
		7A00CC29189BDF8B00023B8C /* OscPrintReceivedElements.h */ = {isa = PBXFileReference; lastKnownFileType = sourcecode.c.h; path = OscPrintReceivedElements.h; sourceTree = "<group>"; };
		7A00CC2A189BDF8B00023B8C /* OscReceivedElements.cpp */ = {isa = PBXFileReference; lastKnownFileType = sourcecode.cpp.cpp; path = OscReceivedElements.cpp; sourceTree = "<group>"; };
		7A00CC2B189BDF8B00023B8C /* OscReceivedElements.h */ = {isa = PBXFileReference; lastKnownFileType = sourcecode.c.h; path = OscReceivedElements.h; sourceTree = "<group>"; };
		7A00CC2C189BDF8B00023B8C /* OscTypes.cpp */ = {isa = PBXFileReference; lastKnownFileType = sourcecode.cpp.cpp; path = OscTypes.cpp; sourceTree = "<group>"; };
		7A00CC2D189BDF8B00023B8C /* OscTypes.h */ = {isa = PBXFileReference; lastKnownFileType = sourcecode.c.h; path = OscTypes.h; sourceTree = "<group>"; };
		7A00CC2F189BDF8B00023B8C /* ofxOsc.h */ = {isa = PBXFileReference; lastKnownFileType = sourcecode.c.h; path = ofxOsc.h; sourceTree = "<group>"; };
		7A00CC30189BDF8B00023B8C /* ofxOscArg.h */ = {isa = PBXFileReference; lastKnownFileType = sourcecode.c.h; path = ofxOscArg.h; sourceTree = "<group>"; };
		7A00CC31189BDF8B00023B8C /* ofxOscBundle.cpp */ = {isa = PBXFileReference; lastKnownFileType = sourcecode.cpp.cpp; path = ofxOscBundle.cpp; sourceTree = "<group>"; };
		7A00CC32189BDF8B00023B8C /* ofxOscBundle.h */ = {isa = PBXFileReference; lastKnownFileType = sourcecode.c.h; path = ofxOscBundle.h; sourceTree = "<group>"; };
		7A00CC33189BDF8B00023B8C /* ofxOscMessage.cpp */ = {isa = PBXFileReference; lastKnownFileType = sourcecode.cpp.cpp; path = ofxOscMessage.cpp; sourceTree = "<group>"; };
		7A00CC34189BDF8B00023B8C /* ofxOscMessage.h */ = {isa = PBXFileReference; lastKnownFileType = sourcecode.c.h; path = ofxOscMessage.h; sourceTree = "<group>"; };
		7A00CC35189BDF8B00023B8C /* ofxOscParameterSync.cpp */ = {isa = PBXFileReference; lastKnownFileType = sourcecode.cpp.cpp; path = ofxOscParameterSync.cpp; sourceTree = "<group>"; };
		7A00CC36189BDF8B00023B8C /* ofxOscParameterSync.h */ = {isa = PBXFileReference; lastKnownFileType = sourcecode.c.h; path = ofxOscParameterSync.h; sourceTree = "<group>"; };
		7A00CC37189BDF8B00023B8C /* ofxOscReceiver.cpp */ = {isa = PBXFileReference; lastKnownFileType = sourcecode.cpp.cpp; path = ofxOscReceiver.cpp; sourceTree = "<group>"; };
		7A00CC38189BDF8B00023B8C /* ofxOscReceiver.h */ = {isa = PBXFileReference; lastKnownFileType = sourcecode.c.h; path = ofxOscReceiver.h; sourceTree = "<group>"; };
		7A00CC39189BDF8B00023B8C /* ofxOscSender.cpp */ = {isa = PBXFileReference; lastKnownFileType = sourcecode.cpp.cpp; path = ofxOscSender.cpp; sourceTree = "<group>"; };
		7A00CC3A189BDF8B00023B8C /* ofxOscSender.h */ = {isa = PBXFileReference; lastKnownFileType = sourcecode.c.h; path = ofxOscSender.h; sourceTree = "<group>"; };
		7A00CCD2189BDF8C00023B8C /* dirent_vs.h */ = {isa = PBXFileReference; lastKnownFileType = sourcecode.c.h; path = dirent_vs.h; sourceTree = "<group>"; };
		7A00CCD3189BDF8C00023B8C /* ofxRemoteUI.cpp */ = {isa = PBXFileReference; lastKnownFileType = sourcecode.cpp.cpp; path = ofxRemoteUI.cpp; sourceTree = "<group>"; };
		7A00CCD4189BDF8C00023B8C /* ofxRemoteUI.h */ = {isa = PBXFileReference; lastKnownFileType = sourcecode.c.h; path = ofxRemoteUI.h; sourceTree = "<group>"; };
		7A00CCD5189BDF8C00023B8C /* ofxRemoteUIClient.cpp */ = {isa = PBXFileReference; lastKnownFileType = sourcecode.cpp.cpp; path = ofxRemoteUIClient.cpp; sourceTree = "<group>"; };
		7A00CCD6189BDF8C00023B8C /* ofxRemoteUIClient.h */ = {isa = PBXFileReference; lastKnownFileType = sourcecode.c.h; path = ofxRemoteUIClient.h; sourceTree = "<group>"; };
		7A00CCD7189BDF8C00023B8C /* ofxRemoteUINeigbors.cpp */ = {isa = PBXFileReference; lastKnownFileType = sourcecode.cpp.cpp; path = ofxRemoteUINeigbors.cpp; sourceTree = "<group>"; };
		7A00CCD8189BDF8C00023B8C /* ofxRemoteUINeigbors.h */ = {isa = PBXFileReference; lastKnownFileType = sourcecode.c.h; path = ofxRemoteUINeigbors.h; sourceTree = "<group>"; };
		7A00CCD9189BDF8C00023B8C /* ofxRemoteUIServer.cpp */ = {isa = PBXFileReference; lastKnownFileType = sourcecode.cpp.cpp; path = ofxRemoteUIServer.cpp; sourceTree = "<group>"; };
		7A00CCDA189BDF8C00023B8C /* ofxRemoteUIServer.h */ = {isa = PBXFileReference; lastKnownFileType = sourcecode.c.h; path = ofxRemoteUIServer.h; sourceTree = "<group>"; };
		7A00CCDB189BDF8C00023B8C /* ofxRemoteUISimpleNotifications.h */ = {isa = PBXFileReference; lastKnownFileType = sourcecode.c.h; path = ofxRemoteUISimpleNotifications.h; sourceTree = "<group>"; };
		7A00CCDC189BDF8C00023B8C /* RemoteParam.h */ = {isa = PBXFileReference; lastKnownFileType = sourcecode.c.h; path = RemoteParam.h; sourceTree = "<group>"; };
		7A00CCDD189BDF8C00023B8C /* uriencode.h */ = {isa = PBXFileReference; lastKnownFileType = sourcecode.c.h; path = uriencode.h; sourceTree = "<group>"; };
		7A00CCE0189BDF8C00023B8C /* tinyxml.cpp */ = {isa = PBXFileReference; lastKnownFileType = sourcecode.cpp.cpp; path = tinyxml.cpp; sourceTree = "<group>"; };
		7A00CCE1189BDF8C00023B8C /* tinyxml.h */ = {isa = PBXFileReference; lastKnownFileType = sourcecode.c.h; path = tinyxml.h; sourceTree = "<group>"; };
		7A00CCE2189BDF8C00023B8C /* tinyxmlerror.cpp */ = {isa = PBXFileReference; lastKnownFileType = sourcecode.cpp.cpp; path = tinyxmlerror.cpp; sourceTree = "<group>"; };
		7A00CCE3189BDF8C00023B8C /* tinyxmlparser.cpp */ = {isa = PBXFileReference; lastKnownFileType = sourcecode.cpp.cpp; path = tinyxmlparser.cpp; sourceTree = "<group>"; };
		7A00CCE5189BDF8C00023B8C /* ofxXmlSettings.cpp */ = {isa = PBXFileReference; lastKnownFileType = sourcecode.cpp.cpp; path = ofxXmlSettings.cpp; sourceTree = "<group>"; };
		7A00CCE6189BDF8C00023B8C /* ofxXmlSettings.h */ = {isa = PBXFileReference; lastKnownFileType = sourcecode.c.h; path = ofxXmlSettings.h; sourceTree = "<group>"; };
		7A9E6C32189FA06A00D81A1D /* Foundation.framework */ = {isa = PBXFileReference; lastKnownFileType = wrapper.framework; name = Foundation.framework; path = System/Library/Frameworks/Foundation.framework; sourceTree = SDKROOT; };
		7A9E6C37189FA68300D81A1D /* GLUT.framework */ = {isa = PBXFileReference; lastKnownFileType = wrapper.framework; name = GLUT.framework; path = ../of_v0.8.0_osx_release/libs/glut/lib/osx/GLUT.framework; sourceTree = "<group>"; };
		7A9E6F0E189FF3A200D81A1D /* .gitignore */ = {isa = PBXFileReference; lastKnownFileType = text; path = .gitignore; sourceTree = "<group>"; };
		7A9E6F1B189FF3A200D81A1D /* readme.md */ = {isa = PBXFileReference; lastKnownFileType = text; path = readme.md; sourceTree = "<group>"; };
		7A9E6F1D189FF3A200D81A1D /* ofxBlur.cpp */ = {isa = PBXFileReference; lastKnownFileType = sourcecode.cpp.cpp; path = ofxBlur.cpp; sourceTree = "<group>"; };
		7A9E6F1E189FF3A200D81A1D /* ofxBlur.h */ = {isa = PBXFileReference; lastKnownFileType = sourcecode.c.h; path = ofxBlur.h; sourceTree = "<group>"; };
		7F085EF51700A6D000AE2A8F /* LightDot.cpp */ = {isa = PBXFileReference; fileEncoding = 4; lastKnownFileType = sourcecode.cpp.cpp; path = LightDot.cpp; sourceTree = "<group>"; };
		7F085EF61700A6D000AE2A8F /* LightDot.h */ = {isa = PBXFileReference; fileEncoding = 4; lastKnownFileType = sourcecode.c.h; path = LightDot.h; sourceTree = "<group>"; };
		7F52F80B170DC4A400413A54 /* macGlutfix.h */ = {isa = PBXFileReference; fileEncoding = 4; lastKnownFileType = sourcecode.c.h; path = macGlutfix.h; sourceTree = "<group>"; };
		7F52F80C170DC4A400413A54 /* macGlutfix.m */ = {isa = PBXFileReference; fileEncoding = 4; lastKnownFileType = sourcecode.c.objc; path = macGlutfix.m; sourceTree = "<group>"; };
		BBAB23BE13894E4700AA2426 /* GLUT.framework */ = {isa = PBXFileReference; lastKnownFileType = wrapper.framework; name = GLUT.framework; path = ../../../libs/glut/lib/osx/GLUT.framework; sourceTree = "<group>"; };
		E45BE9710E8CC7DD009D7055 /* AGL.framework */ = {isa = PBXFileReference; lastKnownFileType = wrapper.framework; name = AGL.framework; path = /System/Library/Frameworks/AGL.framework; sourceTree = "<absolute>"; };
		E45BE9720E8CC7DD009D7055 /* ApplicationServices.framework */ = {isa = PBXFileReference; lastKnownFileType = wrapper.framework; name = ApplicationServices.framework; path = /System/Library/Frameworks/ApplicationServices.framework; sourceTree = "<absolute>"; };
		E45BE9730E8CC7DD009D7055 /* AudioToolbox.framework */ = {isa = PBXFileReference; lastKnownFileType = wrapper.framework; name = AudioToolbox.framework; path = /System/Library/Frameworks/AudioToolbox.framework; sourceTree = "<absolute>"; };
		E45BE9740E8CC7DD009D7055 /* Carbon.framework */ = {isa = PBXFileReference; lastKnownFileType = wrapper.framework; name = Carbon.framework; path = /System/Library/Frameworks/Carbon.framework; sourceTree = "<absolute>"; };
		E45BE9750E8CC7DD009D7055 /* CoreAudio.framework */ = {isa = PBXFileReference; lastKnownFileType = wrapper.framework; name = CoreAudio.framework; path = /System/Library/Frameworks/CoreAudio.framework; sourceTree = "<absolute>"; };
		E45BE9760E8CC7DD009D7055 /* CoreFoundation.framework */ = {isa = PBXFileReference; lastKnownFileType = wrapper.framework; name = CoreFoundation.framework; path = /System/Library/Frameworks/CoreFoundation.framework; sourceTree = "<absolute>"; };
		E45BE9770E8CC7DD009D7055 /* CoreServices.framework */ = {isa = PBXFileReference; lastKnownFileType = wrapper.framework; name = CoreServices.framework; path = /System/Library/Frameworks/CoreServices.framework; sourceTree = "<absolute>"; };
		E45BE9790E8CC7DD009D7055 /* OpenGL.framework */ = {isa = PBXFileReference; lastKnownFileType = wrapper.framework; name = OpenGL.framework; path = /System/Library/Frameworks/OpenGL.framework; sourceTree = "<absolute>"; };
		E45BE97A0E8CC7DD009D7055 /* QuickTime.framework */ = {isa = PBXFileReference; lastKnownFileType = wrapper.framework; name = QuickTime.framework; path = /System/Library/Frameworks/QuickTime.framework; sourceTree = "<absolute>"; };
		E4B69B5B0A3A1756003C02F2 /* PixelScopeDebug.app */ = {isa = PBXFileReference; explicitFileType = wrapper.application; includeInIndex = 0; path = PixelScopeDebug.app; sourceTree = BUILT_PRODUCTS_DIR; };
		E4B69E1D0A3A1BDC003C02F2 /* main.cpp */ = {isa = PBXFileReference; fileEncoding = 30; lastKnownFileType = sourcecode.cpp.cpp; name = main.cpp; path = src/main.cpp; sourceTree = SOURCE_ROOT; };
		E4B69E1E0A3A1BDC003C02F2 /* testApp.mm */ = {isa = PBXFileReference; explicitFileType = sourcecode.cpp.objcpp; fileEncoding = 30; name = testApp.mm; path = src/testApp.mm; sourceTree = SOURCE_ROOT; };
		E4B69E1F0A3A1BDC003C02F2 /* testApp.h */ = {isa = PBXFileReference; fileEncoding = 30; lastKnownFileType = sourcecode.c.h; name = testApp.h; path = src/testApp.h; sourceTree = SOURCE_ROOT; };
		E4B6FCAD0C3E899E008CF71C /* openFrameworks-Info.plist */ = {isa = PBXFileReference; fileEncoding = 30; lastKnownFileType = text.plist.xml; path = "openFrameworks-Info.plist"; sourceTree = "<group>"; };
		E4C2424410CC5A17004149E2 /* AppKit.framework */ = {isa = PBXFileReference; lastKnownFileType = wrapper.framework; name = AppKit.framework; path = /System/Library/Frameworks/AppKit.framework; sourceTree = "<absolute>"; };
		E4C2424510CC5A17004149E2 /* Cocoa.framework */ = {isa = PBXFileReference; lastKnownFileType = wrapper.framework; name = Cocoa.framework; path = /System/Library/Frameworks/Cocoa.framework; sourceTree = "<absolute>"; };
		E4C2424610CC5A17004149E2 /* IOKit.framework */ = {isa = PBXFileReference; lastKnownFileType = wrapper.framework; name = IOKit.framework; path = /System/Library/Frameworks/IOKit.framework; sourceTree = "<absolute>"; };
		E4EB6923138AFD0F00A09F29 /* Project.xcconfig */ = {isa = PBXFileReference; fileEncoding = 4; lastKnownFileType = text.xcconfig; path = Project.xcconfig; sourceTree = "<group>"; };
		E7E077E415D3B63C0020DFD4 /* CoreVideo.framework */ = {isa = PBXFileReference; lastKnownFileType = wrapper.framework; name = CoreVideo.framework; path = /System/Library/Frameworks/CoreVideo.framework; sourceTree = "<absolute>"; };
		E7E077E715D3B6510020DFD4 /* QTKit.framework */ = {isa = PBXFileReference; lastKnownFileType = wrapper.framework; name = QTKit.framework; path = /System/Library/Frameworks/QTKit.framework; sourceTree = "<absolute>"; };
		E7F985F515E0DE99003869B5 /* Accelerate.framework */ = {isa = PBXFileReference; lastKnownFileType = wrapper.framework; name = Accelerate.framework; path = /System/Library/Frameworks/Accelerate.framework; sourceTree = "<absolute>"; };
/* End PBXFileReference section */

/* Begin PBXFrameworksBuildPhase section */
		E4B69B590A3A1756003C02F2 /* Frameworks */ = {
			isa = PBXFrameworksBuildPhase;
			buildActionMask = 2147483647;
			files = (
				7A9E6C33189FA06A00D81A1D /* Foundation.framework in Frameworks */,
				E45BE9830E8CC7DD009D7055 /* OpenGL.framework in Frameworks */,
				E7F985F815E0DEA3003869B5 /* Accelerate.framework in Frameworks */,
				7A9E6C3A189FA69900D81A1D /* GLUT.framework in Frameworks */,
				E7E077E815D3B6510020DFD4 /* QTKit.framework in Frameworks */,
				7A00CBD2189BDF1800023B8C /* openFrameworksDebug.a in Frameworks */,
				E45BE97B0E8CC7DD009D7055 /* AGL.framework in Frameworks */,
				E45BE97C0E8CC7DD009D7055 /* ApplicationServices.framework in Frameworks */,
				E45BE97D0E8CC7DD009D7055 /* AudioToolbox.framework in Frameworks */,
				E45BE97E0E8CC7DD009D7055 /* Carbon.framework in Frameworks */,
				E45BE97F0E8CC7DD009D7055 /* CoreAudio.framework in Frameworks */,
				E45BE9800E8CC7DD009D7055 /* CoreFoundation.framework in Frameworks */,
				E45BE9810E8CC7DD009D7055 /* CoreServices.framework in Frameworks */,
				E45BE9840E8CC7DD009D7055 /* QuickTime.framework in Frameworks */,
				E4C2424710CC5A17004149E2 /* AppKit.framework in Frameworks */,
				E4C2424810CC5A17004149E2 /* Cocoa.framework in Frameworks */,
				E4C2424910CC5A17004149E2 /* IOKit.framework in Frameworks */,
				E7E077E515D3B63C0020DFD4 /* CoreVideo.framework in Frameworks */,
			);
			runOnlyForDeploymentPostprocessing = 0;
		};
/* End PBXFrameworksBuildPhase section */

/* Begin PBXGroup section */
		7A00CBCC189BDEF800023B8C /* Products */ = {
			isa = PBXGroup;
			children = (
				7A00CBD0189BDEF800023B8C /* openFrameworksDebug.a */,
			);
			name = Products;
			sourceTree = "<group>";
		};
		7A00CBD5189BDF8B00023B8C /* ofxFenster */ = {
			isa = PBXGroup;
			children = (
				7A00CBD6189BDF8B00023B8C /* .gitignore */,
				7A00CBF4189BDF8B00023B8C /* README.md */,
				7A00CBF5189BDF8B00023B8C /* src */,
			);
			name = ofxFenster;
			path = ../of_v0.8.0_osx_release/addons/ofxFenster;
			sourceTree = "<group>";
		};
		7A00CBF5189BDF8B00023B8C /* src */ = {
			isa = PBXGroup;
			children = (
				7A00CBF6189BDF8B00023B8C /* ofxDisplay.cpp */,
				7A00CBF7189BDF8B00023B8C /* ofxDisplay.h */,
				7A00CBF8189BDF8B00023B8C /* ofxDisplayMac.h */,
				7A00CBF9189BDF8B00023B8C /* ofxDisplayManager.cpp */,
				7A00CBFA189BDF8B00023B8C /* ofxDisplayManager.h */,
				7A00CBFB189BDF8B00023B8C /* ofxDisplayManagerMac.mm */,
				7A00CBFC189BDF8B00023B8C /* ofxFenster.cpp */,
				7A00CBFD189BDF8B00023B8C /* ofxFenster.h */,
				7A00CBFE189BDF8B00023B8C /* ofxFensterCanvas.cpp */,
				7A00CBFF189BDF8B00023B8C /* ofxFensterCanvas.h */,
				7A00CC00189BDF8B00023B8C /* ofxFensterManager.cpp */,
				7A00CC01189BDF8B00023B8C /* ofxFensterManager.h */,
			);
			path = src;
			sourceTree = "<group>";
		};
		7A00CC02189BDF8B00023B8C /* ofxNetwork */ = {
			isa = PBXGroup;
			children = (
				7A00CC05189BDF8B00023B8C /* src */,
			);
			name = ofxNetwork;
			path = ../of_v0.8.0_osx_release/addons/ofxNetwork;
			sourceTree = "<group>";
		};
		7A00CC05189BDF8B00023B8C /* src */ = {
			isa = PBXGroup;
			children = (
				7A00CC06189BDF8B00023B8C /* ofxNetwork.h */,
				7A00CC07189BDF8B00023B8C /* ofxNetworkUtils.h */,
				7A00CC08189BDF8B00023B8C /* ofxTCPClient.cpp */,
				7A00CC09189BDF8B00023B8C /* ofxTCPClient.h */,
				7A00CC0A189BDF8B00023B8C /* ofxTCPManager.cpp */,
				7A00CC0B189BDF8B00023B8C /* ofxTCPManager.h */,
				7A00CC0C189BDF8B00023B8C /* ofxTCPServer.cpp */,
				7A00CC0D189BDF8B00023B8C /* ofxTCPServer.h */,
				7A00CC0E189BDF8B00023B8C /* ofxUDPManager.cpp */,
				7A00CC0F189BDF8B00023B8C /* ofxUDPManager.h */,
			);
			path = src;
			sourceTree = "<group>";
		};
		7A00CC10189BDF8B00023B8C /* ofxOsc */ = {
			isa = PBXGroup;
			children = (
				7A00CC11189BDF8B00023B8C /* libs */,
				7A00CC2E189BDF8B00023B8C /* src */,
			);
			name = ofxOsc;
			path = ../of_v0.8.0_osx_release/addons/ofxOsc;
			sourceTree = "<group>";
		};
		7A00CC11189BDF8B00023B8C /* libs */ = {
			isa = PBXGroup;
			children = (
				7A00CC12189BDF8B00023B8C /* oscpack */,
			);
			path = libs;
			sourceTree = "<group>";
		};
		7A00CC12189BDF8B00023B8C /* oscpack */ = {
			isa = PBXGroup;
			children = (
				7A00CC13189BDF8B00023B8C /* src */,
			);
			path = oscpack;
			sourceTree = "<group>";
		};
		7A00CC13189BDF8B00023B8C /* src */ = {
			isa = PBXGroup;
			children = (
				7A00CC14189BDF8B00023B8C /* ip */,
				7A00CC21189BDF8B00023B8C /* osc */,
			);
			path = src;
			sourceTree = "<group>";
		};
		7A00CC14189BDF8B00023B8C /* ip */ = {
			isa = PBXGroup;
			children = (
				7A00CC15189BDF8B00023B8C /* IpEndpointName.cpp */,
				7A00CC16189BDF8B00023B8C /* IpEndpointName.h */,
				7A00CC17189BDF8B00023B8C /* NetworkingUtils.h */,
				7A00CC18189BDF8B00023B8C /* PacketListener.h */,
				7A00CC19189BDF8B00023B8C /* posix */,
				7A00CC1C189BDF8B00023B8C /* TimerListener.h */,
				7A00CC1D189BDF8B00023B8C /* UdpSocket.h */,
				7A00CC1E189BDF8B00023B8C /* win32 */,
			);
			path = ip;
			sourceTree = "<group>";
		};
		7A00CC19189BDF8B00023B8C /* posix */ = {
			isa = PBXGroup;
			children = (
				7A00CC1A189BDF8B00023B8C /* NetworkingUtils.cpp */,
				7A00CC1B189BDF8B00023B8C /* UdpSocket.cpp */,
			);
			path = posix;
			sourceTree = "<group>";
		};
		7A00CC1E189BDF8B00023B8C /* win32 */ = {
			isa = PBXGroup;
			children = (
				7A00CC1F189BDF8B00023B8C /* NetworkingUtilsWin.cpp */,
				7A00CC20189BDF8B00023B8C /* UdpSocketWin.cpp */,
			);
			path = win32;
			sourceTree = "<group>";
		};
		7A00CC21189BDF8B00023B8C /* osc */ = {
			isa = PBXGroup;
			children = (
				7A00CC22189BDF8B00023B8C /* MessageMappingOscPacketListener.h */,
				7A00CC23189BDF8B00023B8C /* OscException.h */,
				7A00CC24189BDF8B00023B8C /* OscHostEndianness.h */,
				7A00CC25189BDF8B00023B8C /* OscOutboundPacketStream.cpp */,
				7A00CC26189BDF8B00023B8C /* OscOutboundPacketStream.h */,
				7A00CC27189BDF8B00023B8C /* OscPacketListener.h */,
				7A00CC28189BDF8B00023B8C /* OscPrintReceivedElements.cpp */,
				7A00CC29189BDF8B00023B8C /* OscPrintReceivedElements.h */,
				7A00CC2A189BDF8B00023B8C /* OscReceivedElements.cpp */,
				7A00CC2B189BDF8B00023B8C /* OscReceivedElements.h */,
				7A00CC2C189BDF8B00023B8C /* OscTypes.cpp */,
				7A00CC2D189BDF8B00023B8C /* OscTypes.h */,
			);
			path = osc;
			sourceTree = "<group>";
		};
		7A00CC2E189BDF8B00023B8C /* src */ = {
			isa = PBXGroup;
			children = (
				7A00CC2F189BDF8B00023B8C /* ofxOsc.h */,
				7A00CC30189BDF8B00023B8C /* ofxOscArg.h */,
				7A00CC31189BDF8B00023B8C /* ofxOscBundle.cpp */,
				7A00CC32189BDF8B00023B8C /* ofxOscBundle.h */,
				7A00CC33189BDF8B00023B8C /* ofxOscMessage.cpp */,
				7A00CC34189BDF8B00023B8C /* ofxOscMessage.h */,
				7A00CC35189BDF8B00023B8C /* ofxOscParameterSync.cpp */,
				7A00CC36189BDF8B00023B8C /* ofxOscParameterSync.h */,
				7A00CC37189BDF8B00023B8C /* ofxOscReceiver.cpp */,
				7A00CC38189BDF8B00023B8C /* ofxOscReceiver.h */,
				7A00CC39189BDF8B00023B8C /* ofxOscSender.cpp */,
				7A00CC3A189BDF8B00023B8C /* ofxOscSender.h */,
			);
			path = src;
			sourceTree = "<group>";
		};
		7A00CC3B189BDF8B00023B8C /* ofxRemoteUI */ = {
			isa = PBXGroup;
			children = (
				7A00CCD1189BDF8C00023B8C /* src */,
			);
			name = ofxRemoteUI;
			path = ../of_v0.8.0_osx_release/addons/ofxRemoteUI;
			sourceTree = "<group>";
		};
		7A00CCD1189BDF8C00023B8C /* src */ = {
			isa = PBXGroup;
			children = (
				7A00CCD2189BDF8C00023B8C /* dirent_vs.h */,
				7A00CCD3189BDF8C00023B8C /* ofxRemoteUI.cpp */,
				7A00CCD4189BDF8C00023B8C /* ofxRemoteUI.h */,
				7A00CCD5189BDF8C00023B8C /* ofxRemoteUIClient.cpp */,
				7A00CCD6189BDF8C00023B8C /* ofxRemoteUIClient.h */,
				7A00CCD7189BDF8C00023B8C /* ofxRemoteUINeigbors.cpp */,
				7A00CCD8189BDF8C00023B8C /* ofxRemoteUINeigbors.h */,
				7A00CCD9189BDF8C00023B8C /* ofxRemoteUIServer.cpp */,
				7A00CCDA189BDF8C00023B8C /* ofxRemoteUIServer.h */,
				7A00CCDB189BDF8C00023B8C /* ofxRemoteUISimpleNotifications.h */,
				7A00CCDC189BDF8C00023B8C /* RemoteParam.h */,
				7A00CCDD189BDF8C00023B8C /* uriencode.h */,
			);
			path = src;
			sourceTree = "<group>";
		};
		7A00CCDE189BDF8C00023B8C /* ofxXmlSettings */ = {
			isa = PBXGroup;
			children = (
				7A00CCDF189BDF8C00023B8C /* libs */,
				7A00CCE4189BDF8C00023B8C /* src */,
			);
			name = ofxXmlSettings;
			path = ../of_v0.8.0_osx_release/addons/ofxXmlSettings;
			sourceTree = "<group>";
		};
		7A00CCDF189BDF8C00023B8C /* libs */ = {
			isa = PBXGroup;
			children = (
				7A00CCE0189BDF8C00023B8C /* tinyxml.cpp */,
				7A00CCE1189BDF8C00023B8C /* tinyxml.h */,
				7A00CCE2189BDF8C00023B8C /* tinyxmlerror.cpp */,
				7A00CCE3189BDF8C00023B8C /* tinyxmlparser.cpp */,
			);
			path = libs;
			sourceTree = "<group>";
		};
		7A00CCE4189BDF8C00023B8C /* src */ = {
			isa = PBXGroup;
			children = (
				7A00CCE5189BDF8C00023B8C /* ofxXmlSettings.cpp */,
				7A00CCE6189BDF8C00023B8C /* ofxXmlSettings.h */,
			);
			path = src;
			sourceTree = "<group>";
		};
		7A9E6F0D189FF3A200D81A1D /* ofxBlur */ = {
			isa = PBXGroup;
			children = (
				7A9E6F0E189FF3A200D81A1D /* .gitignore */,
				7A9E6F1B189FF3A200D81A1D /* readme.md */,
				7A9E6F1C189FF3A200D81A1D /* src */,
			);
			name = ofxBlur;
			path = ../of_v0.8.0_osx_release/addons/ofxBlur;
			sourceTree = "<group>";
		};
		7A9E6F1C189FF3A200D81A1D /* src */ = {
			isa = PBXGroup;
			children = (
				7A9E6F1D189FF3A200D81A1D /* ofxBlur.cpp */,
				7A9E6F1E189FF3A200D81A1D /* ofxBlur.h */,
			);
			path = src;
			sourceTree = "<group>";
		};
		BB4B014C10F69532006C3DED /* addons */ = {
			isa = PBXGroup;
			children = (
				7A9E6F0D189FF3A200D81A1D /* ofxBlur */,
				7A00CBD5189BDF8B00023B8C /* ofxFenster */,
				7A00CC02189BDF8B00023B8C /* ofxNetwork */,
				7A00CC10189BDF8B00023B8C /* ofxOsc */,
				7A00CC3B189BDF8B00023B8C /* ofxRemoteUI */,
				7A00CCDE189BDF8C00023B8C /* ofxXmlSettings */,
			);
			name = addons;
			sourceTree = "<group>";
		};
		BBAB23C913894ECA00AA2426 /* system frameworks */ = {
			isa = PBXGroup;
			children = (
				E7F985F515E0DE99003869B5 /* Accelerate.framework */,
				E4C2424410CC5A17004149E2 /* AppKit.framework */,
				E4C2424510CC5A17004149E2 /* Cocoa.framework */,
				E4C2424610CC5A17004149E2 /* IOKit.framework */,
				E45BE9710E8CC7DD009D7055 /* AGL.framework */,
				E45BE9720E8CC7DD009D7055 /* ApplicationServices.framework */,
				E45BE9730E8CC7DD009D7055 /* AudioToolbox.framework */,
				E45BE9740E8CC7DD009D7055 /* Carbon.framework */,
				E45BE9750E8CC7DD009D7055 /* CoreAudio.framework */,
				E45BE9760E8CC7DD009D7055 /* CoreFoundation.framework */,
				E45BE9770E8CC7DD009D7055 /* CoreServices.framework */,
				E45BE9790E8CC7DD009D7055 /* OpenGL.framework */,
				E45BE97A0E8CC7DD009D7055 /* QuickTime.framework */,
				E7E077E415D3B63C0020DFD4 /* CoreVideo.framework */,
				E7E077E715D3B6510020DFD4 /* QTKit.framework */,
			);
			name = "system frameworks";
			sourceTree = "<group>";
		};
		BBAB23CA13894EDB00AA2426 /* 3rd party frameworks */ = {
			isa = PBXGroup;
			children = (
				BBAB23BE13894E4700AA2426 /* GLUT.framework */,
			);
			name = "3rd party frameworks";
			sourceTree = "<group>";
		};
		E45BE5980E8CC70C009D7055 /* frameworks */ = {
			isa = PBXGroup;
			children = (
				BBAB23CA13894EDB00AA2426 /* 3rd party frameworks */,
				BBAB23C913894ECA00AA2426 /* system frameworks */,
			);
			name = frameworks;
			sourceTree = "<group>";
		};
		E4B69B4A0A3A1720003C02F2 = {
			isa = PBXGroup;
			children = (
				7A9E6C37189FA68300D81A1D /* GLUT.framework */,
				7A9E6C32189FA06A00D81A1D /* Foundation.framework */,
				E4B6FCAD0C3E899E008CF71C /* openFrameworks-Info.plist */,
				E4EB6923138AFD0F00A09F29 /* Project.xcconfig */,
				E4B69E1C0A3A1BDC003C02F2 /* src */,
				E4EEC9E9138DF44700A80321 /* openFrameworks */,
				BB4B014C10F69532006C3DED /* addons */,
				E45BE5980E8CC70C009D7055 /* frameworks */,
				E4B69B5B0A3A1756003C02F2 /* PixelScopeDebug.app */,
			);
			sourceTree = "<group>";
		};
		E4B69E1C0A3A1BDC003C02F2 /* src */ = {
			isa = PBXGroup;
			children = (
				7F52F80B170DC4A400413A54 /* macGlutfix.h */,
				7F52F80C170DC4A400413A54 /* macGlutfix.m */,
				E4B69E1D0A3A1BDC003C02F2 /* main.cpp */,
				E4B69E1E0A3A1BDC003C02F2 /* testApp.mm */,
				E4B69E1F0A3A1BDC003C02F2 /* testApp.h */,
				7F085EF51700A6D000AE2A8F /* LightDot.cpp */,
				7F085EF61700A6D000AE2A8F /* LightDot.h */,
			);
			path = src;
			sourceTree = SOURCE_ROOT;
		};
		E4EEC9E9138DF44700A80321 /* openFrameworks */ = {
			isa = PBXGroup;
			children = (
				7A00CBD1189BDF0400023B8C /* CoreOF.xcconfig */,
				7A00CBCB189BDEF800023B8C /* openFrameworksLib.xcodeproj */,
			);
			name = openFrameworks;
			sourceTree = "<group>";
		};
/* End PBXGroup section */

/* Begin PBXNativeTarget section */
		E4B69B5A0A3A1756003C02F2 /* PixelScope */ = {
			isa = PBXNativeTarget;
			buildConfigurationList = E4B69B5F0A3A1757003C02F2 /* Build configuration list for PBXNativeTarget "PixelScope" */;
			buildPhases = (
				E4B69B580A3A1756003C02F2 /* Sources */,
				E4B69B590A3A1756003C02F2 /* Frameworks */,
				E4B6FFFD0C3F9AB9008CF71C /* ShellScript */,
				E4C2427710CC5ABF004149E2 /* CopyFiles */,
			);
			buildRules = (
			);
			dependencies = (
			);
			name = PixelScope;
			productName = myOFApp;
			productReference = E4B69B5B0A3A1756003C02F2 /* PixelScopeDebug.app */;
			productType = "com.apple.product-type.application";
		};
/* End PBXNativeTarget section */

/* Begin PBXProject section */
		E4B69B4C0A3A1720003C02F2 /* Project object */ = {
			isa = PBXProject;
			attributes = {
			};
			buildConfigurationList = E4B69B4D0A3A1720003C02F2 /* Build configuration list for PBXProject "PixelScope" */;
			compatibilityVersion = "Xcode 2.4";
			developmentRegion = English;
			hasScannedForEncodings = 0;
			knownRegions = (
				English,
				Japanese,
				French,
				German,
				en,
			);
			mainGroup = E4B69B4A0A3A1720003C02F2;
			productRefGroup = E4B69B4A0A3A1720003C02F2;
			projectDirPath = "";
			projectReferences = (
				{
					ProductGroup = 7A00CBCC189BDEF800023B8C /* Products */;
					ProjectRef = 7A00CBCB189BDEF800023B8C /* openFrameworksLib.xcodeproj */;
				},
			);
			projectRoot = "";
			targets = (
				E4B69B5A0A3A1756003C02F2 /* PixelScope */,
			);
		};
/* End PBXProject section */

/* Begin PBXReferenceProxy section */
		7A00CBD0189BDEF800023B8C /* openFrameworksDebug.a */ = {
			isa = PBXReferenceProxy;
			fileType = archive.ar;
			path = openFrameworksDebug.a;
			remoteRef = 7A00CBCF189BDEF800023B8C /* PBXContainerItemProxy */;
			sourceTree = BUILT_PRODUCTS_DIR;
		};
/* End PBXReferenceProxy section */

/* Begin PBXShellScriptBuildPhase section */
		E4B6FFFD0C3F9AB9008CF71C /* ShellScript */ = {
			isa = PBXShellScriptBuildPhase;
			buildActionMask = 2147483647;
			files = (
			);
			inputPaths = (
			);
			outputPaths = (
			);
			runOnlyForDeploymentPostprocessing = 0;
			shellPath = /bin/sh;
			shellScript = "cp -f $OF_PATH/libs/fmodex/lib/osx/libfmodex.dylib \"$TARGET_BUILD_DIR/$PRODUCT_NAME.app/Contents/MacOS/libfmodex.dylib\"; install_name_tool -change ./libfmodex.dylib @executable_path/libfmodex.dylib \"$TARGET_BUILD_DIR/$PRODUCT_NAME.app/Contents/MacOS/$PRODUCT_NAME\";";
		};
/* End PBXShellScriptBuildPhase section */

/* Begin PBXSourcesBuildPhase section */
		E4B69B580A3A1756003C02F2 /* Sources */ = {
			isa = PBXSourcesBuildPhase;
			buildActionMask = 2147483647;
			files = (
				7A00CCF1189BE85600023B8C /* ofxDisplay.cpp in Sources */,
				7A00CCF4189BE85600023B8C /* ofxDisplayManager.cpp in Sources */,
				7A00CCF6189BE85600023B8C /* ofxDisplayManagerMac.mm in Sources */,
				7A00CCF7189BE85600023B8C /* ofxFenster.cpp in Sources */,
				7A00CCF9189BE85600023B8C /* ofxFensterCanvas.cpp in Sources */,
				7A00CCFB189BE85600023B8C /* ofxFensterManager.cpp in Sources */,
				7A00CCFF189BE85600023B8C /* ofxTCPClient.cpp in Sources */,
				7A00CD01189BE85600023B8C /* ofxTCPManager.cpp in Sources */,
				7A00CD03189BE85600023B8C /* ofxTCPServer.cpp in Sources */,
				7A00CD05189BE85600023B8C /* ofxUDPManager.cpp in Sources */,
				7A00CD07189BE85600023B8C /* IpEndpointName.cpp in Sources */,
				7A00CD0B189BE85600023B8C /* NetworkingUtils.cpp in Sources */,
				7A00CD0C189BE85600023B8C /* UdpSocket.cpp in Sources */,
				7A00CD0F189BE85600023B8C /* NetworkingUtilsWin.cpp in Sources */,
				7A00CD10189BE85600023B8C /* UdpSocketWin.cpp in Sources */,
				7A00CD14189BE85600023B8C /* OscOutboundPacketStream.cpp in Sources */,
				7A00CD17189BE85600023B8C /* OscPrintReceivedElements.cpp in Sources */,
				7A00CD19189BE85600023B8C /* OscReceivedElements.cpp in Sources */,
				7A00CD1B189BE85600023B8C /* OscTypes.cpp in Sources */,
				7A00CD1F189BE85600023B8C /* ofxOscBundle.cpp in Sources */,
				7A00CD21189BE85600023B8C /* ofxOscMessage.cpp in Sources */,
				7A00CD23189BE85600023B8C /* ofxOscParameterSync.cpp in Sources */,
				7A00CD25189BE85600023B8C /* ofxOscReceiver.cpp in Sources */,
				7A00CD27189BE85600023B8C /* ofxOscSender.cpp in Sources */,
				7A9E6F22189FF4B900D81A1D /* ofxBlur.cpp in Sources */,
				7A00CD2A189BE85600023B8C /* ofxRemoteUI.cpp in Sources */,
				7A00CD2C189BE85600023B8C /* ofxRemoteUIClient.cpp in Sources */,
				7A00CD2E189BE85600023B8C /* ofxRemoteUINeigbors.cpp in Sources */,
				7A00CD30189BE85600023B8C /* ofxRemoteUIServer.cpp in Sources */,
				7A00CD35189BE85600023B8C /* tinyxml.cpp in Sources */,
				7A00CD37189BE85600023B8C /* tinyxmlerror.cpp in Sources */,
				7A00CD38189BE85600023B8C /* tinyxmlparser.cpp in Sources */,
				7A00CD39189BE85600023B8C /* ofxXmlSettings.cpp in Sources */,
				E4B69E200A3A1BDC003C02F2 /* main.cpp in Sources */,
				E4B69E210A3A1BDC003C02F2 /* testApp.mm in Sources */,
				7F085EF71700A6D000AE2A8F /* LightDot.cpp in Sources */,
				7F52F80D170DC4A400413A54 /* macGlutfix.m in Sources */,
			);
			runOnlyForDeploymentPostprocessing = 0;
		};
/* End PBXSourcesBuildPhase section */

/* Begin XCBuildConfiguration section */
		E4B69B4E0A3A1720003C02F2 /* Debug */ = {
			isa = XCBuildConfiguration;
			baseConfigurationReference = E4EB6923138AFD0F00A09F29 /* Project.xcconfig */;
			buildSettings = {
				ARCHS = "$(NATIVE_ARCH)";
				CONFIGURATION_BUILD_DIR = "$(SRCROOT)/bin/";
				COPY_PHASE_STRIP = NO;
				DEAD_CODE_STRIPPING = YES;
				GCC_AUTO_VECTORIZATION = YES;
				GCC_ENABLE_SSE3_EXTENSIONS = YES;
				GCC_ENABLE_SUPPLEMENTAL_SSE3_INSTRUCTIONS = YES;
				GCC_INLINES_ARE_PRIVATE_EXTERN = NO;
				GCC_OPTIMIZATION_LEVEL = 0;
				GCC_SYMBOLS_PRIVATE_EXTERN = NO;
				GCC_WARN_ABOUT_DEPRECATED_FUNCTIONS = YES;
				GCC_WARN_ABOUT_INVALID_OFFSETOF_MACRO = NO;
				GCC_WARN_ALLOW_INCOMPLETE_PROTOCOL = NO;
				GCC_WARN_UNINITIALIZED_AUTOS = NO;
				GCC_WARN_UNUSED_VALUE = NO;
				GCC_WARN_UNUSED_VARIABLE = NO;
				MACOSX_DEPLOYMENT_TARGET = 10.6;
				OTHER_CPLUSPLUSFLAGS = (
					"-D__MACOSX_CORE__",
					"-lpthread",
					"-mtune=native",
				);
			};
			name = Debug;
		};
		E4B69B4F0A3A1720003C02F2 /* Release */ = {
			isa = XCBuildConfiguration;
			baseConfigurationReference = E4EB6923138AFD0F00A09F29 /* Project.xcconfig */;
			buildSettings = {
				ARCHS = "$(NATIVE_ARCH)";
				CONFIGURATION_BUILD_DIR = "$(SRCROOT)/bin/";
				COPY_PHASE_STRIP = YES;
				DEAD_CODE_STRIPPING = YES;
				GCC_AUTO_VECTORIZATION = YES;
				GCC_ENABLE_SSE3_EXTENSIONS = YES;
				GCC_ENABLE_SUPPLEMENTAL_SSE3_INSTRUCTIONS = YES;
				GCC_INLINES_ARE_PRIVATE_EXTERN = NO;
				GCC_OPTIMIZATION_LEVEL = 3;
				GCC_SYMBOLS_PRIVATE_EXTERN = NO;
				GCC_UNROLL_LOOPS = YES;
				GCC_WARN_ABOUT_DEPRECATED_FUNCTIONS = YES;
				GCC_WARN_ABOUT_INVALID_OFFSETOF_MACRO = NO;
				GCC_WARN_ALLOW_INCOMPLETE_PROTOCOL = NO;
				GCC_WARN_UNINITIALIZED_AUTOS = NO;
				GCC_WARN_UNUSED_VALUE = NO;
				GCC_WARN_UNUSED_VARIABLE = NO;
				MACOSX_DEPLOYMENT_TARGET = 10.6;
				OTHER_CPLUSPLUSFLAGS = (
					"-D__MACOSX_CORE__",
					"-lpthread",
					"-mtune=native",
				);
			};
			name = Release;
		};
		E4B69B600A3A1757003C02F2 /* Debug */ = {
			isa = XCBuildConfiguration;
			buildSettings = {
				COPY_PHASE_STRIP = NO;
				FRAMEWORK_SEARCH_PATHS = (
					"$(inherited)",
					/Users/olek/Development/of_v0.8.0_osx_release/libs/glut/lib/osx,
				);
				FRAMEWORK_SEARCH_PATHS_QUOTED_FOR_TARGET_1 = "\"$(SRCROOT)/../../../libs/glut/lib/osx\"";
				GCC_DYNAMIC_NO_PIC = NO;
				GCC_ENABLE_FIX_AND_CONTINUE = YES;
				GCC_GENERATE_DEBUGGING_SYMBOLS = YES;
				GCC_MODEL_TUNING = NONE;
				GCC_OPTIMIZATION_LEVEL = 0;
				GCC_PRECOMPILE_PREFIX_HEADER = YES;
				GCC_PREFIX_HEADER = "$(SYSTEM_LIBRARY_DIR)/Frameworks/Carbon.framework/Headers/Carbon.h";
				GCC_WARN_ABOUT_DEPRECATED_FUNCTIONS = NO;
				INFOPLIST_FILE = "openFrameworks-Info.plist";
				INSTALL_PATH = "$(HOME)/Applications";
				LIBRARY_SEARCH_PATHS_QUOTED_FOR_TARGET_1 = "\"$(SRCROOT)/../../../addons/ofxFenster/libs/ghost/lib/osx32\"";
				PREBINDING = NO;
				PRODUCT_NAME = PixelScopeDebug;
				WRAPPER_EXTENSION = app;
			};
			name = Debug;
		};
		E4B69B610A3A1757003C02F2 /* Release */ = {
			isa = XCBuildConfiguration;
			buildSettings = {
				COPY_PHASE_STRIP = YES;
				FRAMEWORK_SEARCH_PATHS = (
					"$(inherited)",
					/Users/olek/Development/of_v0.8.0_osx_release/libs/glut/lib/osx,
				);
				FRAMEWORK_SEARCH_PATHS_QUOTED_FOR_TARGET_1 = "\"$(SRCROOT)/../../../libs/glut/lib/osx\"";
				GCC_ENABLE_FIX_AND_CONTINUE = NO;
				GCC_GENERATE_DEBUGGING_SYMBOLS = YES;
				GCC_MODEL_TUNING = NONE;
				GCC_PRECOMPILE_PREFIX_HEADER = YES;
				GCC_PREFIX_HEADER = "$(SYSTEM_LIBRARY_DIR)/Frameworks/Carbon.framework/Headers/Carbon.h";
				GCC_WARN_ABOUT_DEPRECATED_FUNCTIONS = NO;
				INFOPLIST_FILE = "openFrameworks-Info.plist";
				INSTALL_PATH = "$(HOME)/Applications";
				LIBRARY_SEARCH_PATHS_QUOTED_FOR_TARGET_1 = "\"$(SRCROOT)/../../../addons/ofxFenster/libs/ghost/lib/osx32\"";
				PREBINDING = NO;
				PRODUCT_NAME = PixelScope;
				WRAPPER_EXTENSION = app;
			};
			name = Release;
		};
/* End XCBuildConfiguration section */

/* Begin XCConfigurationList section */
		E4B69B4D0A3A1720003C02F2 /* Build configuration list for PBXProject "PixelScope" */ = {
			isa = XCConfigurationList;
			buildConfigurations = (
				E4B69B4E0A3A1720003C02F2 /* Debug */,
				E4B69B4F0A3A1720003C02F2 /* Release */,
			);
			defaultConfigurationIsVisible = 0;
			defaultConfigurationName = Release;
		};
		E4B69B5F0A3A1757003C02F2 /* Build configuration list for PBXNativeTarget "PixelScope" */ = {
			isa = XCConfigurationList;
			buildConfigurations = (
				E4B69B600A3A1757003C02F2 /* Debug */,
				E4B69B610A3A1757003C02F2 /* Release */,
			);
			defaultConfigurationIsVisible = 0;
			defaultConfigurationName = Release;
		};
/* End XCConfigurationList section */
	};
	rootObject = E4B69B4C0A3A1720003C02F2 /* Project object */;
}
